GIT
  remote: https://github.com/tulibraries/funnel_cake_index.git
  revision: 541f2b6f80368e76404b9b3ca71d61d5957cb05b
  specs:
    funnel_cake_index (0.0.1)
      base64
      gli
      library_stdnums
      rsolr
      traject

GEM
  remote: https://rubygems.org/
  specs:
    base64 (0.3.0)
    builder (3.3.0)
    coderay (1.1.3)
    concurrent-ruby (1.3.8)
    csv (3.3.6)
    diff-lcs (1.6.2)
    domain_name (0.6.20240107)
    dot-properties (0.1.4)
      bundler (>= 2.2.33)
    faraday (2.14.3)
      faraday-net_http (>= 2.0, < 3.5)
      json
      logger
    faraday-net_http (3.4.4)
      net-http (~> 0.5)
    gli (2.22.2)
      ostruct
    hashie (5.1.0)
      logger
    http-2 (1.2.1)
    http (6.0.4)
      http-cookie (~> 1.0)
      llhttp (~> 0.6.1)
    http-cookie (1.1.6)
      domain_name (~> 0.5)
    httpclient (2.9.0)
      mutex_m
    httpx (1.8.1)
      http-2 (>= 1.2.0)
    io-console (0.8.2)
    json (2.21.2)
    library_stdnums (1.6.0)
    llhttp (0.6.2)
    logger (1.7.0)
    marc (1.4.0)
      nokogiri (~> 1.0)
      rexml
    marc-fastxmlwriter (1.1.0)
      marc (~> 1.0)
    method_source (1.1.0)
    mini_portile2 (2.8.9)
    mutex_m (0.3.0)
    net-http (0.9.1)
      uri (>= 0.11.1)
    nokogiri (1.19.4)
      mini_portile2 (~> 2.8.2)
      racc (~> 1.4)
    nokogiri (1.19.4-arm64-darwin)
      racc (~> 1.4)
    nokogiri (1.19.4-x86_64-darwin)
      racc (~> 1.4)
    nokogiri (1.19.4-x86_64-linux-gnu)
      racc (~> 1.4)
    ostruct (0.6.3)
    pry (0.16.0)
      coderay (~> 1.1)
      method_source (~> 1.0)
      reline (>= 0.6.0)
    racc (1.8.1)
    reline (0.6.3)
      io-console (~> 0.5)
    rexml (3.4.4)
    rsolr (2.6.0)
      builder (>= 2.1.2)
      faraday (>= 0.9, < 3, != 2.0.0)
    rspec (3.13.2)
      rspec-core (~> 3.13.0)
      rspec-expectations (~> 3.13.0)
      rspec-mocks (~> 3.13.0)
    rspec-core (3.13.6)
      rspec-support (~> 3.13.0)
    rspec-expectations (3.13.5)
      diff-lcs (>= 1.2.0, < 2.0)
      rspec-support (~> 3.13.0)
    rspec-mocks (3.13.6)
      diff-lcs (>= 1.2.0, < 2.0)
      rspec-support (~> 3.13.0)
    rspec-support (3.13.6)
    slop (4.10.1)
    traject (3.9.1)
      base64
      concurrent-ruby (>= 0.8.0)
      csv
      dot-properties (>= 0.1.1)
      hashie (>= 3.1, < 6)
      http (>= 3.0, < 7)
      httpclient (~> 2.5)
      httpx (~> 1.4)
      marc (~> 1.0)
      marc-fastxmlwriter (~> 1.0)
      mutex_m
      nokogiri (~> 1.9)
      slop (~> 4.0)
      yell
    uri (1.1.1)
    yell (2.2.2)

PLATFORMS
  arm64-darwin-24
  ruby
  x86_64-darwin-22
  x86_64-linux

DEPENDENCIES
  funnel_cake_index!
  pry
  rsolr
  rspec

BUNDLED WITH
   2.3.26
